
Microsoft Visual Studio Solution File, Format Version 12.00
# Visual Studio 15
VisualStudioVersion = 15.0.28010.2048
MinimumVisualStudioVersion = 10.0.40219.1
Project("{9092AA53-FB77-4645-B42D-1CCCA6BD08BD}") = "cab432", "cab432\cab432.njsproj", "{76D4EA1F-07B9-4C6E-A268-C3D5CE461938}"
EndProject
Global
	GlobalSection(SolutionConfigurationPlatforms) = preSolution
		Debug|Any CPU = Debug|Any CPU
		Release|Any CPU = Release|Any CPU
	EndGlobalSection
	GlobalSection(ProjectConfigurationPlatforms) = postSolution
		{76D4EA1F-07B9-4C6E-A268-C3D5CE461938}.Debug|Any CPU.ActiveCfg = Debug|Any CPU
		{76D4EA1F-07B9-4C6E-A268-C3D5CE461938}.Debug|Any CPU.Build.0 = Debug|Any CPU
		{76D4EA1F-07B9-4C6E-A268-C3D5CE461938}.Release|Any CPU.ActiveCfg = Release|Any CPU
		{76D4EA1F-07B9-4C6E-A268-C3D5CE461938}.Release|Any CPU.Build.0 = Release|Any CPU
	EndGlobalSection
	GlobalSection(SolutionProperties) = preSolution
		HideSolutionNode = FALSE
	EndGlobalSection
	GlobalSection(ExtensibilityGlobals) = postSolution
		SolutionGuid = {B0143065-FCD4-4AAF-8C24-47B1A5CBFE63}
	EndGlobalSection
EndGlobal
